{
  "version": 4,
  "terraform_version": "0.14.3",
  "serial": 22,
  "lineage": "74b37347-2f25-a989-4638-b0f83e6032f1",
  "outputs": {},
  "resources": [
    {
      "mode": "data",
      "type": "azurerm_client_config",
      "name": "current",
      "provider": "provider[\"registry.terraform.io/hashicorp/azurerm\"]",
      "instances": [
        {
          "schema_version": 0,
          "attributes": {
            "client_id": "04b07795-8ddb-461a-bbee-02f9e1bf7b46",
            "id": "2021-01-04 17:39:21.0678948 +0000 UTC",
            "object_id": "d9a39b4a-b625-4105-83c4-f7685c2d78f4",
            "subscription_id": "3592499b-ef49-4850-a493-d4ce86890b75",
            "tenant_id": "ec3ded2c-750b-415f-b382-96464321f3cf",
            "timeouts": null
          },
          "sensitive_attributes": []
        }
      ]
    },
    {
      "mode": "data",
      "type": "azurerm_resource_group",
      "name": "rg",
      "provider": "provider[\"registry.terraform.io/hashicorp/azurerm\"]",
      "instances": [
        {
          "schema_version": 0,
          "attributes": {
            "id": "/subscriptions/3592499b-ef49-4850-a493-d4ce86890b75/resourceGroups/tempo_poc_rg",
            "location": "eastus",
            "name": "tempo_poc_rg",
            "tags": {},
            "timeouts": null
          },
          "sensitive_attributes": []
        }
      ]
    },
    {
      "mode": "data",
      "type": "azurerm_subnet",
      "name": "agw",
      "provider": "provider[\"registry.terraform.io/hashicorp/azurerm\"]",
      "instances": [
        {
          "schema_version": 0,
          "attributes": {
            "address_prefix": "10.1.0.0/24",
            "address_prefixes": [
              "10.1.0.0/24"
            ],
            "enforce_private_link_endpoint_network_policies": false,
            "enforce_private_link_service_network_policies": false,
            "id": "/subscriptions/3592499b-ef49-4850-a493-d4ce86890b75/resourceGroups/tempo_poc_rg/providers/Microsoft.Network/virtualNetworks/tempo-poc-vnet/subnets/tempo-waf-net",
            "name": "tempo-waf-net",
            "network_security_group_id": "",
            "resource_group_name": "tempo_poc_rg",
            "route_table_id": "",
            "service_endpoints": [],
            "timeouts": null,
            "virtual_network_name": "tempo-poc-vnet"
          },
          "sensitive_attributes": []
        }
      ]
    },
    {
      "mode": "managed",
      "type": "azurerm_application_gateway",
      "name": "agw",
      "provider": "provider[\"registry.terraform.io/hashicorp/azurerm\"]",
      "instances": []
    },
    {
      "mode": "managed",
      "type": "azurerm_key_vault",
      "name": "agw",
      "provider": "provider[\"registry.terraform.io/hashicorp/azurerm\"]",
      "instances": [
        {
          "schema_version": 1,
          "attributes": {
            "access_policy": [],
            "contact": [],
            "enable_rbac_authorization": false,
            "enabled_for_deployment": false,
            "enabled_for_disk_encryption": false,
            "enabled_for_template_deployment": false,
            "id": "/subscriptions/3592499b-ef49-4850-a493-d4ce86890b75/resourceGroups/tempo_poc_rg/providers/Microsoft.KeyVault/vaults/mvp-hub-kv1-poc0101",
            "location": "eastus",
            "name": "mvp-hub-kv1-poc0101",
            "network_acls": [
              {
                "bypass": "AzureServices",
                "default_action": "Allow",
                "ip_rules": [],
                "virtual_network_subnet_ids": []
              }
            ],
            "purge_protection_enabled": false,
            "resource_group_name": "tempo_poc_rg",
            "sku_name": "standard",
            "soft_delete_enabled": true,
            "soft_delete_retention_days": 90,
            "tags": null,
            "tenant_id": "ec3ded2c-750b-415f-b382-96464321f3cf",
            "timeouts": null,
            "vault_uri": "https://mvp-hub-kv1-poc0101.vault.azure.net/"
          },
          "sensitive_attributes": [],
          "private": "eyJlMmJmYjczMC1lY2FhLTExZTYtOGY4OC0zNDM2M2JjN2M0YzAiOnsiY3JlYXRlIjoxODAwMDAwMDAwMDAwLCJkZWxldGUiOjE4MDAwMDAwMDAwMDAsInJlYWQiOjMwMDAwMDAwMDAwMCwidXBkYXRlIjoxODAwMDAwMDAwMDAwfSwic2NoZW1hX3ZlcnNpb24iOiIxIn0=",
          "dependencies": [
            "data.azurerm_client_config.current",
            "data.azurerm_resource_group.rg"
          ]
        }
      ]
    },
    {
      "mode": "managed",
      "type": "azurerm_key_vault_access_policy",
      "name": "agw",
      "provider": "provider[\"registry.terraform.io/hashicorp/azurerm\"]",
      "instances": [
        {
          "schema_version": 0,
          "attributes": {
            "application_id": null,
            "certificate_permissions": null,
            "id": "/subscriptions/3592499b-ef49-4850-a493-d4ce86890b75/resourceGroups/tempo_poc_rg/providers/Microsoft.KeyVault/vaults/mvp-hub-kv1-poc0101/objectId/d3e3aae8-0c9e-4460-829c-e41c11356d2e",
            "key_permissions": null,
            "key_vault_id": "/subscriptions/3592499b-ef49-4850-a493-d4ce86890b75/resourceGroups/tempo_poc_rg/providers/Microsoft.KeyVault/vaults/mvp-hub-kv1-poc0101",
            "object_id": "d3e3aae8-0c9e-4460-829c-e41c11356d2e",
            "secret_permissions": [
              "get"
            ],
            "storage_permissions": null,
            "tenant_id": "ec3ded2c-750b-415f-b382-96464321f3cf",
            "timeouts": null
          },
          "sensitive_attributes": [],
          "private": "eyJlMmJmYjczMC1lY2FhLTExZTYtOGY4OC0zNDM2M2JjN2M0YzAiOnsiY3JlYXRlIjoxODAwMDAwMDAwMDAwLCJkZWxldGUiOjE4MDAwMDAwMDAwMDAsInJlYWQiOjMwMDAwMDAwMDAwMCwidXBkYXRlIjoxODAwMDAwMDAwMDAwfX0=",
          "dependencies": [
            "azurerm_key_vault.agw",
            "azurerm_user_assigned_identity.agw",
            "data.azurerm_client_config.current",
            "data.azurerm_resource_group.rg"
          ]
        }
      ]
    },
    {
      "mode": "managed",
      "type": "azurerm_key_vault_access_policy",
      "name": "builder",
      "provider": "provider[\"registry.terraform.io/hashicorp/azurerm\"]",
      "instances": [
        {
          "schema_version": 0,
          "attributes": {
            "application_id": null,
            "certificate_permissions": [
              "create",
              "get",
              "list"
            ],
            "id": "/subscriptions/3592499b-ef49-4850-a493-d4ce86890b75/resourceGroups/tempo_poc_rg/providers/Microsoft.KeyVault/vaults/mvp-hub-kv1-poc0101/objectId/d9a39b4a-b625-4105-83c4-f7685c2d78f4",
            "key_permissions": null,
            "key_vault_id": "/subscriptions/3592499b-ef49-4850-a493-d4ce86890b75/resourceGroups/tempo_poc_rg/providers/Microsoft.KeyVault/vaults/mvp-hub-kv1-poc0101",
            "object_id": "d9a39b4a-b625-4105-83c4-f7685c2d78f4",
            "secret_permissions": null,
            "storage_permissions": null,
            "tenant_id": "ec3ded2c-750b-415f-b382-96464321f3cf",
            "timeouts": null
          },
          "sensitive_attributes": [],
          "private": "eyJlMmJmYjczMC1lY2FhLTExZTYtOGY4OC0zNDM2M2JjN2M0YzAiOnsiY3JlYXRlIjoxODAwMDAwMDAwMDAwLCJkZWxldGUiOjE4MDAwMDAwMDAwMDAsInJlYWQiOjMwMDAwMDAwMDAwMCwidXBkYXRlIjoxODAwMDAwMDAwMDAwfX0=",
          "dependencies": [
            "azurerm_key_vault.agw",
            "data.azurerm_client_config.current",
            "data.azurerm_resource_group.rg"
          ]
        }
      ]
    },
    {
      "mode": "managed",
      "type": "azurerm_log_analytics_solution",
      "name": "agw",
      "provider": "provider[\"registry.terraform.io/hashicorp/azurerm\"]",
      "instances": []
    },
    {
      "mode": "managed",
      "type": "azurerm_monitor_diagnostic_setting",
      "name": "agw",
      "provider": "provider[\"registry.terraform.io/hashicorp/azurerm\"]",
      "instances": []
    },
    {
      "mode": "managed",
      "type": "azurerm_public_ip",
      "name": "agw",
      "provider": "provider[\"registry.terraform.io/hashicorp/azurerm\"]",
      "instances": [
        {
          "schema_version": 0,
          "attributes": {
            "allocation_method": "Static",
            "domain_name_label": null,
            "fqdn": null,
            "id": "/subscriptions/3592499b-ef49-4850-a493-d4ce86890b75/resourceGroups/tempo_poc_rg/providers/Microsoft.Network/publicIPAddresses/mvp-hub-agw1-pip1",
            "idle_timeout_in_minutes": 4,
            "ip_address": "40.76.167.59",
            "ip_version": "IPv4",
            "location": "eastus",
            "name": "mvp-hub-agw1-pip1",
            "public_ip_prefix_id": null,
            "resource_group_name": "tempo_poc_rg",
            "reverse_fqdn": null,
            "sku": "Standard",
            "tags": {},
            "timeouts": null,
            "zones": []
          },
          "sensitive_attributes": [],
          "private": "eyJlMmJmYjczMC1lY2FhLTExZTYtOGY4OC0zNDM2M2JjN2M0YzAiOnsiY3JlYXRlIjoxODAwMDAwMDAwMDAwLCJkZWxldGUiOjE4MDAwMDAwMDAwMDAsInJlYWQiOjMwMDAwMDAwMDAwMCwidXBkYXRlIjoxODAwMDAwMDAwMDAwfX0=",
          "dependencies": [
            "data.azurerm_resource_group.rg"
          ]
        }
      ]
    },
    {
      "mode": "managed",
      "type": "azurerm_user_assigned_identity",
      "name": "agw",
      "provider": "provider[\"registry.terraform.io/hashicorp/azurerm\"]",
      "instances": [
        {
          "schema_version": 0,
          "attributes": {
            "client_id": "eec48ff6-738d-4e1d-a9c5-49ea0a3f5836",
            "id": "/subscriptions/3592499b-ef49-4850-a493-d4ce86890b75/resourceGroups/tempo_poc_rg/providers/Microsoft.ManagedIdentity/userAssignedIdentities/mvp-hub-agw1-msi",
            "location": "eastus",
            "name": "mvp-hub-agw1-msi",
            "principal_id": "d3e3aae8-0c9e-4460-829c-e41c11356d2e",
            "resource_group_name": "tempo_poc_rg",
            "tags": {},
            "timeouts": null
          },
          "sensitive_attributes": [],
          "private": "eyJlMmJmYjczMC1lY2FhLTExZTYtOGY4OC0zNDM2M2JjN2M0YzAiOnsiY3JlYXRlIjoxODAwMDAwMDAwMDAwLCJkZWxldGUiOjE4MDAwMDAwMDAwMDAsInJlYWQiOjMwMDAwMDAwMDAwMCwidXBkYXRlIjoxODAwMDAwMDAwMDAwfX0=",
          "dependencies": [
            "data.azurerm_resource_group.rg"
          ]
        }
      ]
    }
  ]
}
